// !$*UTF8*$!
{
	archiveVersion = 1;
	classes = {
	};
	objectVersion = 50;
	objects = {

/* Begin PBXBuildFile section */
		B06EA87525E848140029E224 /* Assets.xcassets in Resources */ = {isa = PBXBuildFile; fileRef = B06EA87425E848140029E224 /* Assets.xcassets */; };
		B06EA87825E848140029E224 /* LaunchScreen.storyboard in Resources */ = {isa = PBXBuildFile; fileRef = B06EA87625E848140029E224 /* LaunchScreen.storyboard */; };
		B06EA88325E848140029E224 /* ToDoListWithCoreDataTests.swift in Sources */ = {isa = PBXBuildFile; fileRef = B06EA88225E848140029E224 /* ToDoListWithCoreDataTests.swift */; };
		B06EA88E25E848140029E224 /* ToDoListWithCoreDataUITests.swift in Sources */ = {isa = PBXBuildFile; fileRef = B06EA88D25E848140029E224 /* ToDoListWithCoreDataUITests.swift */; };
		B06EA8AE25E8483C0029E224 /* ViewController.swift in Sources */ = {isa = PBXBuildFile; fileRef = B06EA8AD25E8483C0029E224 /* ViewController.swift */; };
		B06EA8B825E848760029E224 /* AppDelegate.swift 13-03-43-675.swift in Sources */ = {isa = PBXBuildFile; fileRef = B06EA8B725E848760029E224 /* AppDelegate.swift 13-03-43-675.swift */; };
		B06EA8C625E848A10029E224 /* toDoTableViewCell.swift in Sources */ = {isa = PBXBuildFile; fileRef = B06EA8C425E848A10029E224 /* toDoTableViewCell.swift */; };
		B06EA8CD25E848AD0029E224 /* AddToDoTableViewController.swift in Sources */ = {isa = PBXBuildFile; fileRef = B06EA8CA25E848AD0029E224 /* AddToDoTableViewController.swift */; };
		B06EA8CE25E848AD0029E224 /* ToDoItem.swift in Sources */ = {isa = PBXBuildFile; fileRef = B06EA8CB25E848AD0029E224 /* ToDoItem.swift */; };
		B06EA8CF25E848AD0029E224 /* AddToDoTableViewCell.swift in Sources */ = {isa = PBXBuildFile; fileRef = B06EA8CC25E848AD0029E224 /* AddToDoTableViewCell.swift */; };
		B06EA8D425E849010029E224 /* SceneDelegate.swift in Sources */ = {isa = PBXBuildFile; fileRef = B06EA8D325E849010029E224 /* SceneDelegate.swift */; };
		B06EA8E925E84C240029E224 /* Model.xcdatamodeld in Sources */ = {isa = PBXBuildFile; fileRef = B06EA8E725E84C240029E224 /* Model.xcdatamodeld */; };
		B06EA8EF25E84D0F0029E224 /* ManagedToDoItem+CoreDataClass.swift in Sources */ = {isa = PBXBuildFile; fileRef = B06EA8ED25E84D0F0029E224 /* ManagedToDoItem+CoreDataClass.swift */; };
		B06EA8F025E84D0F0029E224 /* ManagedToDoItem+CoreDataProperties.swift in Sources */ = {isa = PBXBuildFile; fileRef = B06EA8EE25E84D0F0029E224 /* ManagedToDoItem+CoreDataProperties.swift */; };
/* End PBXBuildFile section */

/* Begin PBXContainerItemProxy section */
		B06EA87F25E848140029E224 /* PBXContainerItemProxy */ = {
			isa = PBXContainerItemProxy;
			containerPortal = B06EA86025E848110029E224 /* Project object */;
			proxyType = 1;
			remoteGlobalIDString = B06EA86725E848120029E224;
			remoteInfo = ToDoListWithCoreData;
		};
		B06EA88A25E848140029E224 /* PBXContainerItemProxy */ = {
			isa = PBXContainerItemProxy;
			containerPortal = B06EA86025E848110029E224 /* Project object */;
			proxyType = 1;
			remoteGlobalIDString = B06EA86725E848120029E224;
			remoteInfo = ToDoListWithCoreData;
		};
/* End PBXContainerItemProxy section */

/* Begin PBXFileReference section */
		B06EA86825E848120029E224 /* ToDoListWithCoreData.app */ = {isa = PBXFileReference; explicitFileType = wrapper.application; includeInIndex = 0; path = ToDoListWithCoreData.app; sourceTree = BUILT_PRODUCTS_DIR; };
		B06EA87425E848140029E224 /* Assets.xcassets */ = {isa = PBXFileReference; lastKnownFileType = folder.assetcatalog; path = Assets.xcassets; sourceTree = "<group>"; };
		B06EA87725E848140029E224 /* Base */ = {isa = PBXFileReference; lastKnownFileType = file.storyboard; name = Base; path = Base.lproj/LaunchScreen.storyboard; sourceTree = "<group>"; };
		B06EA87925E848140029E224 /* Info.plist */ = {isa = PBXFileReference; lastKnownFileType = text.plist.xml; path = Info.plist; sourceTree = "<group>"; };
		B06EA87E25E848140029E224 /* ToDoListWithCoreDataTests.xctest */ = {isa = PBXFileReference; explicitFileType = wrapper.cfbundle; includeInIndex = 0; path = ToDoListWithCoreDataTests.xctest; sourceTree = BUILT_PRODUCTS_DIR; };
		B06EA88225E848140029E224 /* ToDoListWithCoreDataTests.swift */ = {isa = PBXFileReference; lastKnownFileType = sourcecode.swift; path = ToDoListWithCoreDataTests.swift; sourceTree = "<group>"; };
		B06EA88425E848140029E224 /* Info.plist */ = {isa = PBXFileReference; lastKnownFileType = text.plist.xml; path = Info.plist; sourceTree = "<group>"; };
		B06EA88925E848140029E224 /* ToDoListWithCoreDataUITests.xctest */ = {isa = PBXFileReference; explicitFileType = wrapper.cfbundle; includeInIndex = 0; path = ToDoListWithCoreDataUITests.xctest; sourceTree = BUILT_PRODUCTS_DIR; };
		B06EA88D25E848140029E224 /* ToDoListWithCoreDataUITests.swift */ = {isa = PBXFileReference; lastKnownFileType = sourcecode.swift; path = ToDoListWithCoreDataUITests.swift; sourceTree = "<group>"; };
		B06EA88F25E848140029E224 /* Info.plist */ = {isa = PBXFileReference; lastKnownFileType = text.plist.xml; path = Info.plist; sourceTree = "<group>"; };
		B06EA8AD25E8483C0029E224 /* ViewController.swift */ = {isa = PBXFileReference; fileEncoding = 4; lastKnownFileType = sourcecode.swift; name = ViewController.swift; path = ../../../toDoAppAndCoredata/toDoApp/ViewController.swift; sourceTree = "<group>"; };
		B06EA8B725E848760029E224 /* AppDelegate.swift 13-03-43-675.swift */ = {isa = PBXFileReference; fileEncoding = 4; lastKnownFileType = sourcecode.swift; path = "AppDelegate.swift 13-03-43-675.swift"; sourceTree = "<group>"; };
		B06EA8C425E848A10029E224 /* toDoTableViewCell.swift */ = {isa = PBXFileReference; fileEncoding = 4; lastKnownFileType = sourcecode.swift; path = toDoTableViewCell.swift; sourceTree = "<group>"; };
		B06EA8CA25E848AD0029E224 /* AddToDoTableViewController.swift */ = {isa = PBXFileReference; fileEncoding = 4; lastKnownFileType = sourcecode.swift; path = AddToDoTableViewController.swift; sourceTree = "<group>"; };
		B06EA8CB25E848AD0029E224 /* ToDoItem.swift */ = {isa = PBXFileReference; fileEncoding = 4; lastKnownFileType = sourcecode.swift; path = ToDoItem.swift; sourceTree = "<group>"; };
		B06EA8CC25E848AD0029E224 /* AddToDoTableViewCell.swift */ = {isa = PBXFileReference; fileEncoding = 4; lastKnownFileType = sourcecode.swift; path = AddToDoTableViewCell.swift; sourceTree = "<group>"; };
		B06EA8D325E849010029E224 /* SceneDelegate.swift */ = {isa = PBXFileReference; fileEncoding = 4; lastKnownFileType = sourcecode.swift; name = SceneDelegate.swift; path = ../../../toDoAppAndCoredata/toDoApp/SceneDelegate.swift; sourceTree = "<group>"; };
		B06EA8E825E84C240029E224 /* Model.xcdatamodel */ = {isa = PBXFileReference; lastKnownFileType = wrapper.xcdatamodel; path = Model.xcdatamodel; sourceTree = "<group>"; };
		B06EA8ED25E84D0F0029E224 /* ManagedToDoItem+CoreDataClass.swift */ = {isa = PBXFileReference; lastKnownFileType = sourcecode.swift; path = "ManagedToDoItem+CoreDataClass.swift"; sourceTree = "<group>"; };
		B06EA8EE25E84D0F0029E224 /* ManagedToDoItem+CoreDataProperties.swift */ = {isa = PBXFileReference; lastKnownFileType = sourcecode.swift; path = "ManagedToDoItem+CoreDataProperties.swift"; sourceTree = "<group>"; };
/* End PBXFileReference section */

/* Begin PBXFrameworksBuildPhase section */
		B06EA86525E848120029E224 /* Frameworks */ = {
			isa = PBXFrameworksBuildPhase;
			buildActionMask = 2147483647;
			files = (
			);
			runOnlyForDeploymentPostprocessing = 0;
		};
		B06EA87B25E848140029E224 /* Frameworks */ = {
			isa = PBXFrameworksBuildPhase;
			buildActionMask = 2147483647;
			files = (
			);
			runOnlyForDeploymentPostprocessing = 0;
		};
		B06EA88625E848140029E224 /* Frameworks */ = {
			isa = PBXFrameworksBuildPhase;
			buildActionMask = 2147483647;
			files = (
			);
			runOnlyForDeploymentPostprocessing = 0;
		};
/* End PBXFrameworksBuildPhase section */

/* Begin PBXGroup section */
		B06EA85F25E848110029E224 = {
			isa = PBXGroup;
			children = (
				B06EA8ED25E84D0F0029E224 /* ManagedToDoItem+CoreDataClass.swift */,
				B06EA8EE25E84D0F0029E224 /* ManagedToDoItem+CoreDataProperties.swift */,
				B06EA86A25E848120029E224 /* ToDoListWithCoreData */,
				B06EA88125E848140029E224 /* ToDoListWithCoreDataTests */,
				B06EA88C25E848140029E224 /* ToDoListWithCoreDataUITests */,
				B06EA86925E848120029E224 /* Products */,
			);
			sourceTree = "<group>";
		};
		B06EA86925E848120029E224 /* Products */ = {
			isa = PBXGroup;
			children = (
				B06EA86825E848120029E224 /* ToDoListWithCoreData.app */,
				B06EA87E25E848140029E224 /* ToDoListWithCoreDataTests.xctest */,
				B06EA88925E848140029E224 /* ToDoListWithCoreDataUITests.xctest */,
			);
			name = Products;
			sourceTree = "<group>";
		};
		B06EA86A25E848120029E224 /* ToDoListWithCoreData */ = {
			isa = PBXGroup;
			children = (
				B06EA8B725E848760029E224 /* AppDelegate.swift 13-03-43-675.swift */,
				B06EA8D325E849010029E224 /* SceneDelegate.swift */,
				B06EA8AD25E8483C0029E224 /* ViewController.swift */,
				B06EA8E725E84C240029E224 /* Model.xcdatamodeld */,
				B06EA8C425E848A10029E224 /* toDoTableViewCell.swift */,
				B06EA87425E848140029E224 /* Assets.xcassets */,
				B06EA87625E848140029E224 /* LaunchScreen.storyboard */,
				B06EA8CC25E848AD0029E224 /* AddToDoTableViewCell.swift */,
				B06EA8CA25E848AD0029E224 /* AddToDoTableViewController.swift */,
				B06EA8CB25E848AD0029E224 /* ToDoItem.swift */,
				B06EA87925E848140029E224 /* Info.plist */,
			);
			path = ToDoListWithCoreData;
			sourceTree = "<group>";
		};
		B06EA88125E848140029E224 /* ToDoListWithCoreDataTests */ = {
			isa = PBXGroup;
			children = (
				B06EA88225E848140029E224 /* ToDoListWithCoreDataTests.swift */,
				B06EA88425E848140029E224 /* Info.plist */,
			);
			path = ToDoListWithCoreDataTests;
			sourceTree = "<group>";
		};
		B06EA88C25E848140029E224 /* ToDoListWithCoreDataUITests */ = {
			isa = PBXGroup;
			children = (
				B06EA88D25E848140029E224 /* ToDoListWithCoreDataUITests.swift */,
				B06EA88F25E848140029E224 /* Info.plist */,
			);
			path = ToDoListWithCoreDataUITests;
			sourceTree = "<group>";
		};
/* End PBXGroup section */

/* Begin PBXNativeTarget section */
		B06EA86725E848120029E224 /* ToDoListWithCoreData */ = {
			isa = PBXNativeTarget;
			buildConfigurationList = B06EA89225E848140029E224 /* Build configuration list for PBXNativeTarget "ToDoListWithCoreData" */;
			buildPhases = (
				B06EA86425E848120029E224 /* Sources */,
				B06EA86525E848120029E224 /* Frameworks */,
				B06EA86625E848120029E224 /* Resources */,
			);
			buildRules = (
			);
			dependencies = (
			);
			name = ToDoListWithCoreData;
			productName = ToDoListWithCoreData;
			productReference = B06EA86825E848120029E224 /* ToDoListWithCoreData.app */;
			productType = "com.apple.product-type.application";
		};
		B06EA87D25E848140029E224 /* ToDoListWithCoreDataTests */ = {
			isa = PBXNativeTarget;
			buildConfigurationList = B06EA89525E848140029E224 /* Build configuration list for PBXNativeTarget "ToDoListWithCoreDataTests" */;
			buildPhases = (
				B06EA87A25E848140029E224 /* Sources */,
				B06EA87B25E848140029E224 /* Frameworks */,
				B06EA87C25E848140029E224 /* Resources */,
			);
			buildRules = (
			);
			dependencies = (
				B06EA88025E848140029E224 /* PBXTargetDependency */,
			);
			name = ToDoListWithCoreDataTests;
			productName = ToDoListWithCoreDataTests;
			productReference = B06EA87E25E848140029E224 /* ToDoListWithCoreDataTests.xctest */;
			productType = "com.apple.product-type.bundle.unit-test";
		};
		B06EA88825E848140029E224 /* ToDoListWithCoreDataUITests */ = {
			isa = PBXNativeTarget;
			buildConfigurationList = B06EA89825E848140029E224 /* Build configuration list for PBXNativeTarget "ToDoListWithCoreDataUITests" */;
			buildPhases = (
				B06EA88525E848140029E224 /* Sources */,
				B06EA88625E848140029E224 /* Frameworks */,
				B06EA88725E848140029E224 /* Resources */,
			);
			buildRules = (
			);
			dependencies = (
				B06EA88B25E848140029E224 /* PBXTargetDependency */,
			);
			name = ToDoListWithCoreDataUITests;
			productName = ToDoListWithCoreDataUITests;
			productReference = B06EA88925E848140029E224 /* ToDoListWithCoreDataUITests.xctest */;
			productType = "com.apple.product-type.bundle.ui-testing";
		};
/* End PBXNativeTarget section */

/* Begin PBXProject section */
		B06EA86025E848110029E224 /* Project object */ = {
			isa = PBXProject;
			attributes = {
				LastSwiftUpdateCheck = 1240;
				LastUpgradeCheck = 1240;
				TargetAttributes = {
					B06EA86725E848120029E224 = {
						CreatedOnToolsVersion = 12.4;
					};
					B06EA87D25E848140029E224 = {
						CreatedOnToolsVersion = 12.4;
						TestTargetID = B06EA86725E848120029E224;
					};
					B06EA88825E848140029E224 = {
						CreatedOnToolsVersion = 12.4;
						TestTargetID = B06EA86725E848120029E224;
					};
				};
			};
			buildConfigurationList = B06EA86325E848110029E224 /* Build configuration list for PBXProject "ToDoListWithCoreData" */;
			compatibilityVersion = "Xcode 9.3";
			developmentRegion = en;
			hasScannedForEncodings = 0;
			knownRegions = (
				en,
				Base,
			);
			mainGroup = B06EA85F25E848110029E224;
			productRefGroup = B06EA86925E848120029E224 /* Products */;
			projectDirPath = "";
			projectRoot = "";
			targets = (
				B06EA86725E848120029E224 /* ToDoListWithCoreData */,
				B06EA87D25E848140029E224 /* ToDoListWithCoreDataTests */,
				B06EA88825E848140029E224 /* ToDoListWithCoreDataUITests */,
			);
		};
/* End PBXProject section */

/* Begin PBXResourcesBuildPhase section */
		B06EA86625E848120029E224 /* Resources */ = {
			isa = PBXResourcesBuildPhase;
			buildActionMask = 2147483647;
			files = (
				B06EA87825E848140029E224 /* LaunchScreen.storyboard in Resources */,
				B06EA87525E848140029E224 /* Assets.xcassets in Resources */,
			);
			runOnlyForDeploymentPostprocessing = 0;
		};
		B06EA87C25E848140029E224 /* Resources */ = {
			isa = PBXResourcesBuildPhase;
			buildActionMask = 2147483647;
			files = (
			);
			runOnlyForDeploymentPostprocessing = 0;
		};
		B06EA88725E848140029E224 /* Resources */ = {
			isa = PBXResourcesBuildPhase;
			buildActionMask = 2147483647;
			files = (
			);
			runOnlyForDeploymentPostprocessing = 0;
		};
/* End PBXResourcesBuildPhase section */

/* Begin PBXSourcesBuildPhase section */
		B06EA86425E848120029E224 /* Sources */ = {
			isa = PBXSourcesBuildPhase;
			buildActionMask = 2147483647;
			files = (
				B06EA8EF25E84D0F0029E224 /* ManagedToDoItem+CoreDataClass.swift in Sources */,
				B06EA8AE25E8483C0029E224 /* ViewController.swift in Sources */,
				B06EA8CF25E848AD0029E224 /* AddToDoTableViewCell.swift in Sources */,
				B06EA8CE25E848AD0029E224 /* ToDoItem.swift in Sources */,
				B06EA8E925E84C240029E224 /* Model.xcdatamodeld in Sources */,
				B06EA8CD25E848AD0029E224 /* AddToDoTableViewController.swift in Sources */,
				B06EA8F025E84D0F0029E224 /* ManagedToDoItem+CoreDataProperties.swift in Sources */,
				B06EA8C625E848A10029E224 /* toDoTableViewCell.swift in Sources */,
				B06EA8D425E849010029E224 /* SceneDelegate.swift in Sources */,
				B06EA8B825E848760029E224 /* AppDelegate.swift 13-03-43-675.swift in Sources */,
			);
			runOnlyForDeploymentPostprocessing = 0;
		};
		B06EA87A25E848140029E224 /* Sources */ = {
			isa = PBXSourcesBuildPhase;
			buildActionMask = 2147483647;
			files = (
				B06EA88325E848140029E224 /* ToDoListWithCoreDataTests.swift in Sources */,
			);
			runOnlyForDeploymentPostprocessing = 0;
		};
		B06EA88525E848140029E224 /* Sources */ = {
			isa = PBXSourcesBuildPhase;
			buildActionMask = 2147483647;
			files = (
				B06EA88E25E848140029E224 /* ToDoListWithCoreDataUITests.swift in Sources */,
			);
			runOnlyForDeploymentPostprocessing = 0;
		};
/* End PBXSourcesBuildPhase section */

/* Begin PBXTargetDependency section */
		B06EA88025E848140029E224 /* PBXTargetDependency */ = {
			isa = PBXTargetDependency;
			target = B06EA86725E848120029E224 /* ToDoListWithCoreData */;
			targetProxy = B06EA87F25E848140029E224 /* PBXContainerItemProxy */;
		};
		B06EA88B25E848140029E224 /* PBXTargetDependency */ = {
			isa = PBXTargetDependency;
			target = B06EA86725E848120029E224 /* ToDoListWithCoreData */;
			targetProxy = B06EA88A25E848140029E224 /* PBXContainerItemProxy */;
		};
/* End PBXTargetDependency section */

/* Begin PBXVariantGroup section */
		B06EA87625E848140029E224 /* LaunchScreen.storyboard */ = {
			isa = PBXVariantGroup;
			children = (
				B06EA87725E848140029E224 /* Base */,
			);
			name = LaunchScreen.storyboard;
			sourceTree = "<group>";
		};
/* End PBXVariantGroup section */

/* Begin XCBuildConfiguration section */
		B06EA89025E848140029E224 /* Debug */ = {
			isa = XCBuildConfiguration;
			buildSettings = {
				ALWAYS_SEARCH_USER_PATHS = NO;
				CLANG_ANALYZER_NONNULL = YES;
				CLANG_ANALYZER_NUMBER_OBJECT_CONVERSION = YES_AGGRESSIVE;
				CLANG_CXX_LANGUAGE_STANDARD = "gnu++14";
				CLANG_CXX_LIBRARY = "libc++";
				CLANG_ENABLE_MODULES = YES;
				CLANG_ENABLE_OBJC_ARC = YES;
				CLANG_ENABLE_OBJC_WEAK = YES;
				CLANG_WARN_BLOCK_CAPTURE_AUTORELEASING = YES;
				CLANG_WARN_BOOL_CONVERSION = YES;
				CLANG_WARN_COMMA = YES;
				CLANG_WARN_CONSTANT_CONVERSION = YES;
				CLANG_WARN_DEPRECATED_OBJC_IMPLEMENTATIONS = YES;
				CLANG_WARN_DIRECT_OBJC_ISA_USAGE = YES_ERROR;
				CLANG_WARN_DOCUMENTATION_COMMENTS = YES;
				CLANG_WARN_EMPTY_BODY = YES;
				CLANG_WARN_ENUM_CONVERSION = YES;
				CLANG_WARN_INFINITE_RECURSION = YES;
				CLANG_WARN_INT_CONVERSION = YES;
				CLANG_WARN_NON_LITERAL_NULL_CONVERSION = YES;
				CLANG_WARN_OBJC_IMPLICIT_RETAIN_SELF = YES;
				CLANG_WARN_OBJC_LITERAL_CONVERSION = YES;
				CLANG_WARN_OBJC_ROOT_CLASS = YES_ERROR;
				CLANG_WARN_QUOTED_INCLUDE_IN_FRAMEWORK_HEADER = YES;
				CLANG_WARN_RANGE_LOOP_ANALYSIS = YES;
				CLANG_WARN_STRICT_PROTOTYPES = YES;
				CLANG_WARN_SUSPICIOUS_MOVE = YES;
				CLANG_WARN_UNGUARDED_AVAILABILITY = YES_AGGRESSIVE;
				CLANG_WARN_UNREACHABLE_CODE = YES;
				CLANG_WARN__DUPLICATE_METHOD_MATCH = YES;
				COPY_PHASE_STRIP = NO;
				DEBUG_INFORMATION_FORMAT = dwarf;
				ENABLE_STRICT_OBJC_MSGSEND = YES;
				ENABLE_TESTABILITY = YES;
				GCC_C_LANGUAGE_STANDARD = gnu11;
				GCC_DYNAMIC_NO_PIC = NO;
				GCC_NO_COMMON_BLOCKS = YES;
				GCC_OPTIMIZATION_LEVEL = 0;
				GCC_PREPROCESSOR_DEFINITIONS = (
					"DEBUG=1",
					"$(inherited)",
				);
				GCC_WARN_64_TO_32_BIT_CONVERSION = YES;
				GCC_WARN_ABOUT_RETURN_TYPE = YES_ERROR;
				GCC_WARN_UNDECLARED_SELECTOR = YES;
				GCC_WARN_UNINITIALIZED_AUTOS = YES_AGGRESSIVE;
				GCC_WARN_UNUSED_FUNCTION = YES;
				GCC_WARN_UNUSED_VARIABLE = YES;
				IPHONEOS_DEPLOYMENT_TARGET = 14.4;
				MTL_ENABLE_DEBUG_INFO = INCLUDE_SOURCE;
				MTL_FAST_MATH = YES;
				ONLY_ACTIVE_ARCH = YES;
				SDKROOT = iphoneos;
				SWIFT_ACTIVE_COMPILATION_CONDITIONS = DEBUG;
				SWIFT_OPTIMIZATION_LEVEL = "-Onone";
			};
			name = Debug;
		};
		B06EA89125E848140029E224 /* Release */ = {
			isa = XCBuildConfiguration;
			buildSettings = {
				ALWAYS_SEARCH_USER_PATHS = NO;
				CLANG_ANALYZER_NONNULL = YES;
				CLANG_ANALYZER_NUMBER_OBJECT_CONVERSION = YES_AGGRESSIVE;
				CLANG_CXX_LANGUAGE_STANDARD = "gnu++14";
				CLANG_CXX_LIBRARY = "libc++";
				CLANG_ENABLE_MODULES = YES;
				CLANG_ENABLE_OBJC_ARC = YES;
				CLANG_ENABLE_OBJC_WEAK = YES;
				CLANG_WARN_BLOCK_CAPTURE_AUTORELEASING = YES;
				CLANG_WARN_BOOL_CONVERSION = YES;
				CLANG_WARN_COMMA = YES;
				CLANG_WARN_CONSTANT_CONVERSION = YES;
				CLANG_WARN_DEPRECATED_OBJC_IMPLEMENTATIONS = YES;
				CLANG_WARN_DIRECT_OBJC_ISA_USAGE = YES_ERROR;
				CLANG_WARN_DOCUMENTATION_COMMENTS = YES;
				CLANG_WARN_EMPTY_BODY = YES;
				CLANG_WARN_ENUM_CONVERSION = YES;
				CLANG_WARN_INFINITE_RECURSION = YES;
				CLANG_WARN_INT_CONVERSION = YES;
				CLANG_WARN_NON_LITERAL_NULL_CONVERSION = YES;
				CLANG_WARN_OBJC_IMPLICIT_RETAIN_SELF = YES;
				CLANG_WARN_OBJC_LITERAL_CONVERSION = YES;
				CLANG_WARN_OBJC_ROOT_CLASS = YES_ERROR;
				CLANG_WARN_QUOTED_INCLUDE_IN_FRAMEWORK_HEADER = YES;
				CLANG_WARN_RANGE_LOOP_ANALYSIS = YES;
				CLANG_WARN_STRICT_PROTOTYPES = YES;
				CLANG_WARN_SUSPICIOUS_MOVE = YES;
				CLANG_WARN_UNGUARDED_AVAILABILITY = YES_AGGRESSIVE;
				CLANG_WARN_UNREACHABLE_CODE = YES;
				CLANG_WARN__DUPLICATE_METHOD_MATCH = YES;
				COPY_PHASE_STRIP = NO;
				DEBUG_INFORMATION_FORMAT = "dwarf-with-dsym";
				ENABLE_NS_ASSERTIONS = NO;
				ENABLE_STRICT_OBJC_MSGSEND = YES;
				GCC_C_LANGUAGE_STANDARD = gnu11;
				GCC_NO_COMMON_BLOCKS = YES;
				GCC_WARN_64_TO_32_BIT_CONVERSION = YES;
				GCC_WARN_ABOUT_RETURN_TYPE = YES_ERROR;
				GCC_WARN_UNDECLARED_SELECTOR = YES;
				GCC_WARN_UNINITIALIZED_AUTOS = YES_AGGRESSIVE;
				GCC_WARN_UNUSED_FUNCTION = YES;
				GCC_WARN_UNUSED_VARIABLE = YES;
				IPHONEOS_DEPLOYMENT_TARGET = 14.4;
				MTL_ENABLE_DEBUG_INFO = NO;
				MTL_FAST_MATH = YES;
				SDKROOT = iphoneos;
				SWIFT_COMPILATION_MODE = wholemodule;
				SWIFT_OPTIMIZATION_LEVEL = "-O";
				VALIDATE_PRODUCT = YES;
			};
			name = Release;
		};
		B06EA89325E848140029E224 /* Debug */ = {
			isa = XCBuildConfiguration;
			buildSettings = {
				ASSETCATALOG_COMPILER_APPICON_NAME = AppIcon;
				ASSETCATALOG_COMPILER_GLOBAL_ACCENT_COLOR_NAME = AccentColor;
				CODE_SIGN_STYLE = Automatic;
				DEVELOPMENT_TEAM = MG9YMW6U69;
				INFOPLIST_FILE = ToDoListWithCoreData/Info.plist;
				LD_RUNPATH_SEARCH_PATHS = (
					"$(inherited)",
					"@executable_path/Frameworks",
				);
				PRODUCT_BUNDLE_IDENTIFIER = com.kengotakamiya.ToDoListWithCoreData;
				PRODUCT_NAME = "$(TARGET_NAME)";
				SWIFT_VERSION = 5.0;
				TARGETED_DEVICE_FAMILY = "1,2";
			};
			name = Debug;
		};
		B06EA89425E848140029E224 /* Release */ = {
			isa = XCBuildConfiguration;
			buildSettings = {
				ASSETCATALOG_COMPILER_APPICON_NAME = AppIcon;
				ASSETCATALOG_COMPILER_GLOBAL_ACCENT_COLOR_NAME = AccentColor;
				CODE_SIGN_STYLE = Automatic;
				DEVELOPMENT_TEAM = MG9YMW6U69;
				INFOPLIST_FILE = ToDoListWithCoreData/Info.plist;
				LD_RUNPATH_SEARCH_PATHS = (
					"$(inherited)",
					"@executable_path/Frameworks",
				);
				PRODUCT_BUNDLE_IDENTIFIER = com.kengotakamiya.ToDoListWithCoreData;
				PRODUCT_NAME = "$(TARGET_NAME)";
				SWIFT_VERSION = 5.0;
				TARGETED_DEVICE_FAMILY = "1,2";
			};
			name = Release;
		};
		B06EA89625E848140029E224 /* Debug */ = {
			isa = XCBuildConfiguration;
			buildSettings = {
				ALWAYS_EMBED_SWIFT_STANDARD_LIBRARIES = YES;
				BUNDLE_LOADER = "$(TEST_HOST)";
				CODE_SIGN_STYLE = Automatic;
				DEVELOPMENT_TEAM = MG9YMW6U69;
				INFOPLIST_FILE = ToDoListWithCoreDataTests/Info.plist;
				IPHONEOS_DEPLOYMENT_TARGET = 14.4;
				LD_RUNPATH_SEARCH_PATHS = (
					"$(inherited)",
					"@executable_path/Frameworks",
					"@loader_path/Frameworks",
				);
				PRODUCT_BUNDLE_IDENTIFIER = com.kengotakamiya.ToDoListWithCoreDataTests;
				PRODUCT_NAME = "$(TARGET_NAME)";
				SWIFT_VERSION = 5.0;
				TARGETED_DEVICE_FAMILY = "1,2";
				TEST_HOST = "$(BUILT_PRODUCTS_DIR)/ToDoListWithCoreData.app/ToDoListWithCoreData";
			};
			name = Debug;
		};
		B06EA89725E848140029E224 /* Release */ = {
			isa = XCBuildConfiguration;
			buildSettings = {
				ALWAYS_EMBED_SWIFT_STANDARD_LIBRARIES = YES;
				BUNDLE_LOADER = "$(TEST_HOST)";
				CODE_SIGN_STYLE = Automatic;
				DEVELOPMENT_TEAM = MG9YMW6U69;
				INFOPLIST_FILE = ToDoListWithCoreDataTests/Info.plist;
				IPHONEOS_DEPLOYMENT_TARGET = 14.4;
				LD_RUNPATH_SEARCH_PATHS = (
					"$(inherited)",
					"@executable_path/Frameworks",
					"@loader_path/Frameworks",
				);
				PRODUCT_BUNDLE_IDENTIFIER = com.kengotakamiya.ToDoListWithCoreDataTests;
				PRODUCT_NAME = "$(TARGET_NAME)";
				SWIFT_VERSION = 5.0;
				TARGETED_DEVICE_FAMILY = "1,2";
				TEST_HOST = "$(BUILT_PRODUCTS_DIR)/ToDoListWithCoreData.app/ToDoListWithCoreData";
			};
			name = Release;
		};
		B06EA89925E848140029E224 /* Debug */ = {
			isa = XCBuildConfiguration;
			buildSettings = {
				ALWAYS_EMBED_SWIFT_STANDARD_LIBRARIES = YES;
				CODE_SIGN_STYLE = Automatic;
				DEVELOPMENT_TEAM = MG9YMW6U69;
				INFOPLIST_FILE = ToDoListWithCoreDataUITests/Info.plist;
				LD_RUNPATH_SEARCH_PATHS = (
					"$(inherited)",
					"@executable_path/Frameworks",
					"@loader_path/Frameworks",
				);
				PRODUCT_BUNDLE_IDENTIFIER = com.kengotakamiya.ToDoListWithCoreDataUITests;
				PRODUCT_NAME = "$(TARGET_NAME)";
				SWIFT_VERSION = 5.0;
				TARGETED_DEVICE_FAMILY = "1,2";
				TEST_TARGET_NAME = ToDoListWithCoreData;
			};
			name = Debug;
		};
		B06EA89A25E848140029E224 /* Release */ = {
			isa = XCBuildConfiguration;
			buildSettings = {
				ALWAYS_EMBED_SWIFT_STANDARD_LIBRARIES = YES;
				CODE_SIGN_STYLE = Automatic;
				DEVELOPMENT_TEAM = MG9YMW6U69;
				INFOPLIST_FILE = ToDoListWithCoreDataUITests/Info.plist;
				LD_RUNPATH_SEARCH_PATHS = (
					"$(inherited)",
					"@executable_path/Frameworks",
					"@loader_path/Frameworks",
				);
				PRODUCT_BUNDLE_IDENTIFIER = com.kengotakamiya.ToDoListWithCoreDataUITests;
				PRODUCT_NAME = "$(TARGET_NAME)";
				SWIFT_VERSION = 5.0;
				TARGETED_DEVICE_FAMILY = "1,2";
				TEST_TARGET_NAME = ToDoListWithCoreData;
			};
			name = Release;
		};
/* End XCBuildConfiguration section */

/* Begin XCConfigurationList section */
		B06EA86325E848110029E224 /* Build configuration list for PBXProject "ToDoListWithCoreData" */ = {
			isa = XCConfigurationList;
			buildConfigurations = (
				B06EA89025E848140029E224 /* Debug */,
				B06EA89125E848140029E224 /* Release */,
			);
			defaultConfigurationIsVisible = 0;
			defaultConfigurationName = Release;
		};
		B06EA89225E848140029E224 /* Build configuration list for PBXNativeTarget "ToDoListWithCoreData" */ = {
			isa = XCConfigurationList;
			buildConfigurations = (
				B06EA89325E848140029E224 /* Debug */,
				B06EA89425E848140029E224 /* Release */,
			);
			defaultConfigurationIsVisible = 0;
			defaultConfigurationName = Release;
		};
		B06EA89525E848140029E224 /* Build configuration list for PBXNativeTarget "ToDoListWithCoreDataTests" */ = {
			isa = XCConfigurationList;
			buildConfigurations = (
				B06EA89625E848140029E224 /* Debug */,
				B06EA89725E848140029E224 /* Release */,
			);
			defaultConfigurationIsVisible = 0;
			defaultConfigurationName = Release;
		};
		B06EA89825E848140029E224 /* Build configuration list for PBXNativeTarget "ToDoListWithCoreDataUITests" */ = {
			isa = XCConfigurationList;
			buildConfigurations = (
				B06EA89925E848140029E224 /* Debug */,
				B06EA89A25E848140029E224 /* Release */,
			);
			defaultConfigurationIsVisible = 0;
			defaultConfigurationName = Release;
		};
/* End XCConfigurationList section */

/* Begin XCVersionGroup section */
		B06EA8E725E84C240029E224 /* Model.xcdatamodeld */ = {
			isa = XCVersionGroup;
			children = (
				B06EA8E825E84C240029E224 /* Model.xcdatamodel */,
			);
			currentVersion = B06EA8E825E84C240029E224 /* Model.xcdatamodel */;
			path = Model.xcdatamodeld;
			sourceTree = "<group>";
			versionGroupType = wrapper.xcdatamodel;
		};
/* End XCVersionGroup section */
	};
	rootObject = B06EA86025E848110029E224 /* Project object */;
}
